
Microsoft Visual Studio Solution File, Format Version 12.00
# Visual Studio 2013
VisualStudioVersion = 12.0.21005.1
MinimumVisualStudioVersion = 10.0.40219.1
Project("{FAE04EC0-301F-11D3-BF4B-00C04F79EFBC}") = "eera_web", "eera_web\eera_web.csproj", "{3A29C67E-1BE5-4FC5-B785-F6B8B3D7602E}"
EndProject
Project("{FAE04EC0-301F-11D3-BF4B-00C04F79EFBC}") = "eera_model", "eera_model\eera_model.csproj", "{7998E10F-9671-4F76-BA7C-2AECF826AF3E}"
EndProject
Project("{FAE04EC0-301F-11D3-BF4B-00C04F79EFBC}") = "eera_datarepository", "eera_datarepository\eera_datarepository.csproj", "{AD286AE9-5753-4944-A085-C92857578465}"
EndProject
Global
	GlobalSection(SolutionConfigurationPlatforms) = preSolution
		Debug|Any CPU = Debug|Any CPU
		Release|Any CPU = Release|Any CPU
	EndGlobalSection
	GlobalSection(ProjectConfigurationPlatforms) = postSolution
		{3A29C67E-1BE5-4FC5-B785-F6B8B3D7602E}.Debug|Any CPU.ActiveCfg = Debug|Any CPU
		{3A29C67E-1BE5-4FC5-B785-F6B8B3D7602E}.Debug|Any CPU.Build.0 = Debug|Any CPU
		{3A29C67E-1BE5-4FC5-B785-F6B8B3D7602E}.Release|Any CPU.ActiveCfg = Release|Any CPU
		{3A29C67E-1BE5-4FC5-B785-F6B8B3D7602E}.Release|Any CPU.Build.0 = Release|Any CPU
		{7998E10F-9671-4F76-BA7C-2AECF826AF3E}.Debug|Any CPU.ActiveCfg = Debug|Any CPU
		{7998E10F-9671-4F76-BA7C-2AECF826AF3E}.Debug|Any CPU.Build.0 = Debug|Any CPU
		{7998E10F-9671-4F76-BA7C-2AECF826AF3E}.Release|Any CPU.ActiveCfg = Release|Any CPU
		{7998E10F-9671-4F76-BA7C-2AECF826AF3E}.Release|Any CPU.Build.0 = Release|Any CPU
		{AD286AE9-5753-4944-A085-C92857578465}.Debug|Any CPU.ActiveCfg = Debug|Any CPU
		{AD286AE9-5753-4944-A085-C92857578465}.Debug|Any CPU.Build.0 = Debug|Any CPU
		{AD286AE9-5753-4944-A085-C92857578465}.Release|Any CPU.ActiveCfg = Release|Any CPU
		{AD286AE9-5753-4944-A085-C92857578465}.Release|Any CPU.Build.0 = Release|Any CPU
	EndGlobalSection
	GlobalSection(SolutionProperties) = preSolution
		HideSolutionNode = FALSE
	EndGlobalSection
EndGlobal
